
Microsoft Visual Studio Solution File, Format Version 12.00
# Visual Studio Version 16
VisualStudioVersion = 16.0.34902.97
MinimumVisualStudioVersion = 10.0.40219.1
Project("{FAE04EC0-301F-11D3-BF4B-00C04F79EFBC}") = "ServerTCP", "ServerTCP\ServerTCP.csproj", "{B3656B96-76A5-4388-B60C-C3BDED492A38}"
EndProject
Project("{FAE04EC0-301F-11D3-BF4B-00C04F79EFBC}") = "ClientTCP", "ClientTCP\ClientTCP.csproj", "{46D3018E-AE47-4AB2-92DF-5CEC356A2CC1}"
EndProject
Global
	GlobalSection(SolutionConfigurationPlatforms) = preSolution
		Debug|Any CPU = Debug|Any CPU
		Release|Any CPU = Release|Any CPU
	EndGlobalSection
	GlobalSection(ProjectConfigurationPlatforms) = postSolution
		{B3656B96-76A5-4388-B60C-C3BDED492A38}.Debug|Any CPU.ActiveCfg = Debug|Any CPU
		{B3656B96-76A5-4388-B60C-C3BDED492A38}.Debug|Any CPU.Build.0 = Debug|Any CPU
		{B3656B96-76A5-4388-B60C-C3BDED492A38}.Release|Any CPU.ActiveCfg = Release|Any CPU
		{B3656B96-76A5-4388-B60C-C3BDED492A38}.Release|Any CPU.Build.0 = Release|Any CPU
		{46D3018E-AE47-4AB2-92DF-5CEC356A2CC1}.Debug|Any CPU.ActiveCfg = Debug|Any CPU
		{46D3018E-AE47-4AB2-92DF-5CEC356A2CC1}.Debug|Any CPU.Build.0 = Debug|Any CPU
		{46D3018E-AE47-4AB2-92DF-5CEC356A2CC1}.Release|Any CPU.ActiveCfg = Release|Any CPU
		{46D3018E-AE47-4AB2-92DF-5CEC356A2CC1}.Release|Any CPU.Build.0 = Release|Any CPU
	EndGlobalSection
	GlobalSection(SolutionProperties) = preSolution
		HideSolutionNode = FALSE
	EndGlobalSection
	GlobalSection(ExtensibilityGlobals) = postSolution
		SolutionGuid = {45687E75-14C7-4E9E-B5DD-5EC9D395CB3F}
	EndGlobalSection
EndGlobal
