
Microsoft Visual Studio Solution File, Format Version 12.00
# Visual Studio Version 16
VisualStudioVersion = 16.0.34902.97
MinimumVisualStudioVersion = 10.0.40219.1
Project("{FAE04EC0-301F-11D3-BF4B-00C04F79EFBC}") = "ClientUDP", "ClientUDP\ClientUDP.csproj", "{DEE4211C-366D-4187-A854-391CCA504B8C}"
EndProject
Project("{FAE04EC0-301F-11D3-BF4B-00C04F79EFBC}") = "ServerUDP", "ServerUDP\ServerUDP.csproj", "{28F5ED7C-0FEA-4EF0-BFFD-4700F18C9D0A}"
EndProject
Global
	GlobalSection(SolutionConfigurationPlatforms) = preSolution
		Debug|Any CPU = Debug|Any CPU
		Release|Any CPU = Release|Any CPU
	EndGlobalSection
	GlobalSection(ProjectConfigurationPlatforms) = postSolution
		{DEE4211C-366D-4187-A854-391CCA504B8C}.Debug|Any CPU.ActiveCfg = Debug|Any CPU
		{DEE4211C-366D-4187-A854-391CCA504B8C}.Debug|Any CPU.Build.0 = Debug|Any CPU
		{DEE4211C-366D-4187-A854-391CCA504B8C}.Release|Any CPU.ActiveCfg = Release|Any CPU
		{DEE4211C-366D-4187-A854-391CCA504B8C}.Release|Any CPU.Build.0 = Release|Any CPU
		{28F5ED7C-0FEA-4EF0-BFFD-4700F18C9D0A}.Debug|Any CPU.ActiveCfg = Debug|Any CPU
		{28F5ED7C-0FEA-4EF0-BFFD-4700F18C9D0A}.Debug|Any CPU.Build.0 = Debug|Any CPU
		{28F5ED7C-0FEA-4EF0-BFFD-4700F18C9D0A}.Release|Any CPU.ActiveCfg = Release|Any CPU
		{28F5ED7C-0FEA-4EF0-BFFD-4700F18C9D0A}.Release|Any CPU.Build.0 = Release|Any CPU
	EndGlobalSection
	GlobalSection(SolutionProperties) = preSolution
		HideSolutionNode = FALSE
	EndGlobalSection
	GlobalSection(ExtensibilityGlobals) = postSolution
		SolutionGuid = {64AAD4CC-2E32-41DD-9A23-E887925D18D5}
	EndGlobalSection
EndGlobal
