
Microsoft Visual Studio Solution File, Format Version 12.00
# Visual Studio Version 16
VisualStudioVersion = 16.0.34902.97
MinimumVisualStudioVersion = 10.0.40219.1
Project("{FAE04EC0-301F-11D3-BF4B-00C04F79EFBC}") = "ChatClient", "ChatClient\ChatClient.csproj", "{2EA79716-324D-4446-A98B-0F10EDBAC84E}"
EndProject
Project("{FAE04EC0-301F-11D3-BF4B-00C04F79EFBC}") = "ChatServerr", "..\ChatServerr\ChatServerr.csproj", "{82FF6991-1122-4C37-87CF-C883CFD5D8FD}"
EndProject
Global
	GlobalSection(SolutionConfigurationPlatforms) = preSolution
		Debug|Any CPU = Debug|Any CPU
		Release|Any CPU = Release|Any CPU
	EndGlobalSection
	GlobalSection(ProjectConfigurationPlatforms) = postSolution
		{2EA79716-324D-4446-A98B-0F10EDBAC84E}.Debug|Any CPU.ActiveCfg = Debug|Any CPU
		{2EA79716-324D-4446-A98B-0F10EDBAC84E}.Debug|Any CPU.Build.0 = Debug|Any CPU
		{2EA79716-324D-4446-A98B-0F10EDBAC84E}.Release|Any CPU.ActiveCfg = Release|Any CPU
		{2EA79716-324D-4446-A98B-0F10EDBAC84E}.Release|Any CPU.Build.0 = Release|Any CPU
		{82FF6991-1122-4C37-87CF-C883CFD5D8FD}.Debug|Any CPU.ActiveCfg = Debug|Any CPU
		{82FF6991-1122-4C37-87CF-C883CFD5D8FD}.Debug|Any CPU.Build.0 = Debug|Any CPU
		{82FF6991-1122-4C37-87CF-C883CFD5D8FD}.Release|Any CPU.ActiveCfg = Release|Any CPU
		{82FF6991-1122-4C37-87CF-C883CFD5D8FD}.Release|Any CPU.Build.0 = Release|Any CPU
	EndGlobalSection
	GlobalSection(SolutionProperties) = preSolution
		HideSolutionNode = FALSE
	EndGlobalSection
	GlobalSection(ExtensibilityGlobals) = postSolution
		SolutionGuid = {C35B0380-41ED-48F5-ABF4-25CD890F02B7}
	EndGlobalSection
EndGlobal
