
Microsoft Visual Studio Solution File, Format Version 12.00
# Visual Studio Version 16
VisualStudioVersion = 16.0.34902.97
MinimumVisualStudioVersion = 10.0.40219.1
Project("{FAE04EC0-301F-11D3-BF4B-00C04F79EFBC}") = "TinhToanClient", "TinhToanCS\TinhToanClient.csproj", "{61A3293F-526F-4D26-8063-915984675CBE}"
EndProject
Project("{FAE04EC0-301F-11D3-BF4B-00C04F79EFBC}") = "TinhToanServer", "TinhToanServer\TinhToanServer.csproj", "{0992B469-DD29-4012-82E8-43CE4F4B1F49}"
EndProject
Global
	GlobalSection(SolutionConfigurationPlatforms) = preSolution
		Debug|Any CPU = Debug|Any CPU
		Release|Any CPU = Release|Any CPU
	EndGlobalSection
	GlobalSection(ProjectConfigurationPlatforms) = postSolution
		{61A3293F-526F-4D26-8063-915984675CBE}.Debug|Any CPU.ActiveCfg = Debug|Any CPU
		{61A3293F-526F-4D26-8063-915984675CBE}.Debug|Any CPU.Build.0 = Debug|Any CPU
		{61A3293F-526F-4D26-8063-915984675CBE}.Release|Any CPU.ActiveCfg = Release|Any CPU
		{61A3293F-526F-4D26-8063-915984675CBE}.Release|Any CPU.Build.0 = Release|Any CPU
		{0992B469-DD29-4012-82E8-43CE4F4B1F49}.Debug|Any CPU.ActiveCfg = Debug|Any CPU
		{0992B469-DD29-4012-82E8-43CE4F4B1F49}.Debug|Any CPU.Build.0 = Debug|Any CPU
		{0992B469-DD29-4012-82E8-43CE4F4B1F49}.Release|Any CPU.ActiveCfg = Release|Any CPU
		{0992B469-DD29-4012-82E8-43CE4F4B1F49}.Release|Any CPU.Build.0 = Release|Any CPU
	EndGlobalSection
	GlobalSection(SolutionProperties) = preSolution
		HideSolutionNode = FALSE
	EndGlobalSection
	GlobalSection(ExtensibilityGlobals) = postSolution
		SolutionGuid = {B3495E94-3A22-470D-9B52-FA824EEC475D}
	EndGlobalSection
EndGlobal
